{
  "R": {
    "Version": "4.0.3",
    "Repositories": [
      {
        "Name": "CRAN",
        "URL": "https://cran.rstudio.com"
      }
    ]
  },
  "Packages": {
    "edgedata": {
      "Package": "edgedata",
      "Version": "0.2.0",
      "Source": "Repository",
      "Repository": "CRAN",
      "Hash": "0f21d7d45a5fe5e9be2c26cf34c8178d"
    },
    "renv": {
      "Package": "renv",
      "Version": "0.13.0",
      "Source": "Repository",
      "Repository": "RSPM",
      "Hash": "9f10d9db5b50400c348920c5c603385e"
    }
  }
}
